
Microsoft Visual Studio Solution File, Format Version 12.00
# Visual Studio 15
VisualStudioVersion = 15.0.28307.852
MinimumVisualStudioVersion = 10.0.40219.1
Project("{FAE04EC0-301F-11D3-BF4B-00C04F79EFBC}") = "Automatisches_Kochbuch", "Automatisches_Kochbuch\Automatisches_Kochbuch.csproj", "{AD510545-1940-43F8-8FD8-69184BE5B9A1}"
EndProject
Global
	GlobalSection(SolutionConfigurationPlatforms) = preSolution
		Debug|Any CPU = Debug|Any CPU
		Release|Any CPU = Release|Any CPU
	EndGlobalSection
	GlobalSection(ProjectConfigurationPlatforms) = postSolution
		{AD510545-1940-43F8-8FD8-69184BE5B9A1}.Debug|Any CPU.ActiveCfg = Debug|Any CPU
		{AD510545-1940-43F8-8FD8-69184BE5B9A1}.Debug|Any CPU.Build.0 = Debug|Any CPU
		{AD510545-1940-43F8-8FD8-69184BE5B9A1}.Release|Any CPU.ActiveCfg = Release|Any CPU
		{AD510545-1940-43F8-8FD8-69184BE5B9A1}.Release|Any CPU.Build.0 = Release|Any CPU
	EndGlobalSection
	GlobalSection(SolutionProperties) = preSolution
		HideSolutionNode = FALSE
	EndGlobalSection
	GlobalSection(ExtensibilityGlobals) = postSolution
		SolutionGuid = {4AAF8D2E-B678-40BC-B853-003B8628C9E2}
	EndGlobalSection
EndGlobal
